
Microsoft Visual Studio Solution File, Format Version 12.00
# Visual Studio Version 16
VisualStudioVersion = 16.0.29424.173
MinimumVisualStudioVersion = 10.0.40219.1
Project("{FAE04EC0-301F-11D3-BF4B-00C04F79EFBC}") = "BLM", "BLM\BLM.csproj", "{E13A7B5F-BD80-4BF4-B4FE-CB60A3C6256D}"
EndProject
Global
	GlobalSection(SolutionConfigurationPlatforms) = preSolution
		Debug|Any CPU = Debug|Any CPU
		Debug|x64 = Debug|x64
		Debug|x86 = Debug|x86
		Release|Any CPU = Release|Any CPU
		Release|x64 = Release|x64
		Release|x86 = Release|x86
	EndGlobalSection
	GlobalSection(ProjectConfigurationPlatforms) = postSolution
		{E13A7B5F-BD80-4BF4-B4FE-CB60A3C6256D}.Debug|Any CPU.ActiveCfg = Debug|Any CPU
		{E13A7B5F-BD80-4BF4-B4FE-CB60A3C6256D}.Debug|Any CPU.Build.0 = Debug|Any CPU
		{E13A7B5F-BD80-4BF4-B4FE-CB60A3C6256D}.Debug|x64.ActiveCfg = Debug|x64
		{E13A7B5F-BD80-4BF4-B4FE-CB60A3C6256D}.Debug|x64.Build.0 = Debug|x64
		{E13A7B5F-BD80-4BF4-B4FE-CB60A3C6256D}.Debug|x86.ActiveCfg = Debug|x86
		{E13A7B5F-BD80-4BF4-B4FE-CB60A3C6256D}.Debug|x86.Build.0 = Debug|x86
		{E13A7B5F-BD80-4BF4-B4FE-CB60A3C6256D}.Release|Any CPU.ActiveCfg = Release|Any CPU
		{E13A7B5F-BD80-4BF4-B4FE-CB60A3C6256D}.Release|Any CPU.Build.0 = Release|Any CPU
		{E13A7B5F-BD80-4BF4-B4FE-CB60A3C6256D}.Release|x64.ActiveCfg = Release|x64
		{E13A7B5F-BD80-4BF4-B4FE-CB60A3C6256D}.Release|x64.Build.0 = Release|x64
		{E13A7B5F-BD80-4BF4-B4FE-CB60A3C6256D}.Release|x86.ActiveCfg = Release|x86
		{E13A7B5F-BD80-4BF4-B4FE-CB60A3C6256D}.Release|x86.Build.0 = Release|x86
	EndGlobalSection
	GlobalSection(SolutionProperties) = preSolution
		HideSolutionNode = FALSE
	EndGlobalSection
	GlobalSection(ExtensibilityGlobals) = postSolution
		SolutionGuid = {008A2326-0074-4DAA-A5E5-B864A8AB93E1}
	EndGlobalSection
EndGlobal
